// !$*UTF8*$!
{
	archiveVersion = 1;
	classes = {
	};
	objectVersion = 50;
	objects = {

/* Begin PBXBuildFile section */
		FC7093382543FF5B00F88071 /* NetworkCommunicatorApp.swift in Sources */ = {isa = PBXBuildFile; fileRef = FC7093372543FF5B00F88071 /* NetworkCommunicatorApp.swift */; };
		FC70933A2543FF5B00F88071 /* ContentView.swift in Sources */ = {isa = PBXBuildFile; fileRef = FC7093392543FF5B00F88071 /* ContentView.swift */; };
		FC70933C2543FF5C00F88071 /* Assets.xcassets in Resources */ = {isa = PBXBuildFile; fileRef = FC70933B2543FF5C00F88071 /* Assets.xcassets */; };
		FC70933F2543FF5C00F88071 /* Preview Assets.xcassets in Resources */ = {isa = PBXBuildFile; fileRef = FC70933E2543FF5C00F88071 /* Preview Assets.xcassets */; };
		FC70934A2543FF5C00F88071 /* NetworkCommunicatorTests.swift in Sources */ = {isa = PBXBuildFile; fileRef = FC7093492543FF5C00F88071 /* NetworkCommunicatorTests.swift */; };
		FC7093552543FF5C00F88071 /* NetworkCommunicatorUITests.swift in Sources */ = {isa = PBXBuildFile; fileRef = FC7093542543FF5C00F88071 /* NetworkCommunicatorUITests.swift */; };
/* End PBXBuildFile section */

/* Begin PBXContainerItemProxy section */
		FC7093462543FF5C00F88071 /* PBXContainerItemProxy */ = {
			isa = PBXContainerItemProxy;
			containerPortal = FC70932C2543FF5B00F88071 /* Project object */;
			proxyType = 1;
			remoteGlobalIDString = FC7093332543FF5B00F88071;
			remoteInfo = NetworkCommunicator;
		};
		FC7093512543FF5C00F88071 /* PBXContainerItemProxy */ = {
			isa = PBXContainerItemProxy;
			containerPortal = FC70932C2543FF5B00F88071 /* Project object */;
			proxyType = 1;
			remoteGlobalIDString = FC7093332543FF5B00F88071;
			remoteInfo = NetworkCommunicator;
		};
/* End PBXContainerItemProxy section */

/* Begin PBXFileReference section */
		FC7093342543FF5B00F88071 /* NetworkCommunicator.app */ = {isa = PBXFileReference; explicitFileType = wrapper.application; includeInIndex = 0; path = NetworkCommunicator.app; sourceTree = BUILT_PRODUCTS_DIR; };
		FC7093372543FF5B00F88071 /* NetworkCommunicatorApp.swift */ = {isa = PBXFileReference; lastKnownFileType = sourcecode.swift; path = NetworkCommunicatorApp.swift; sourceTree = "<group>"; };
		FC7093392543FF5B00F88071 /* ContentView.swift */ = {isa = PBXFileReference; lastKnownFileType = sourcecode.swift; path = ContentView.swift; sourceTree = "<group>"; };
		FC70933B2543FF5C00F88071 /* Assets.xcassets */ = {isa = PBXFileReference; lastKnownFileType = folder.assetcatalog; path = Assets.xcassets; sourceTree = "<group>"; };
		FC70933E2543FF5C00F88071 /* Preview Assets.xcassets */ = {isa = PBXFileReference; lastKnownFileType = folder.assetcatalog; path = "Preview Assets.xcassets"; sourceTree = "<group>"; };
		FC7093402543FF5C00F88071 /* Info.plist */ = {isa = PBXFileReference; lastKnownFileType = text.plist.xml; path = Info.plist; sourceTree = "<group>"; };
		FC7093452543FF5C00F88071 /* NetworkCommunicatorTests.xctest */ = {isa = PBXFileReference; explicitFileType = wrapper.cfbundle; includeInIndex = 0; path = NetworkCommunicatorTests.xctest; sourceTree = BUILT_PRODUCTS_DIR; };
		FC7093492543FF5C00F88071 /* NetworkCommunicatorTests.swift */ = {isa = PBXFileReference; lastKnownFileType = sourcecode.swift; path = NetworkCommunicatorTests.swift; sourceTree = "<group>"; };
		FC70934B2543FF5C00F88071 /* Info.plist */ = {isa = PBXFileReference; lastKnownFileType = text.plist.xml; path = Info.plist; sourceTree = "<group>"; };
		FC7093502543FF5C00F88071 /* NetworkCommunicatorUITests.xctest */ = {isa = PBXFileReference; explicitFileType = wrapper.cfbundle; includeInIndex = 0; path = NetworkCommunicatorUITests.xctest; sourceTree = BUILT_PRODUCTS_DIR; };
		FC7093542543FF5C00F88071 /* NetworkCommunicatorUITests.swift */ = {isa = PBXFileReference; lastKnownFileType = sourcecode.swift; path = NetworkCommunicatorUITests.swift; sourceTree = "<group>"; };
		FC7093562543FF5C00F88071 /* Info.plist */ = {isa = PBXFileReference; lastKnownFileType = text.plist.xml; path = Info.plist; sourceTree = "<group>"; };
/* End PBXFileReference section */

/* Begin PBXFrameworksBuildPhase section */
		FC7093312543FF5B00F88071 /* Frameworks */ = {
			isa = PBXFrameworksBuildPhase;
			buildActionMask = 2147483647;
			files = (
			);
			runOnlyForDeploymentPostprocessing = 0;
		};
		FC7093422543FF5C00F88071 /* Frameworks */ = {
			isa = PBXFrameworksBuildPhase;
			buildActionMask = 2147483647;
			files = (
			);
			runOnlyForDeploymentPostprocessing = 0;
		};
		FC70934D2543FF5C00F88071 /* Frameworks */ = {
			isa = PBXFrameworksBuildPhase;
			buildActionMask = 2147483647;
			files = (
			);
			runOnlyForDeploymentPostprocessing = 0;
		};
/* End PBXFrameworksBuildPhase section */

/* Begin PBXGroup section */
		FC70932B2543FF5B00F88071 = {
			isa = PBXGroup;
			children = (
				FC7093362543FF5B00F88071 /* NetworkCommunicator */,
				FC7093482543FF5C00F88071 /* NetworkCommunicatorTests */,
				FC7093532543FF5C00F88071 /* NetworkCommunicatorUITests */,
				FC7093352543FF5B00F88071 /* Products */,
			);
			sourceTree = "<group>";
		};
		FC7093352543FF5B00F88071 /* Products */ = {
			isa = PBXGroup;
			children = (
				FC7093342543FF5B00F88071 /* NetworkCommunicator.app */,
				FC7093452543FF5C00F88071 /* NetworkCommunicatorTests.xctest */,
				FC7093502543FF5C00F88071 /* NetworkCommunicatorUITests.xctest */,
			);
			name = Products;
			sourceTree = "<group>";
		};
		FC7093362543FF5B00F88071 /* NetworkCommunicator */ = {
			isa = PBXGroup;
			children = (
				FC7093372543FF5B00F88071 /* NetworkCommunicatorApp.swift */,
				FC7093392543FF5B00F88071 /* ContentView.swift */,
				FC70933B2543FF5C00F88071 /* Assets.xcassets */,
				FC7093402543FF5C00F88071 /* Info.plist */,
				FC70933D2543FF5C00F88071 /* Preview Content */,
			);
			path = NetworkCommunicator;
			sourceTree = "<group>";
		};
		FC70933D2543FF5C00F88071 /* Preview Content */ = {
			isa = PBXGroup;
			children = (
				FC70933E2543FF5C00F88071 /* Preview Assets.xcassets */,
			);
			path = "Preview Content";
			sourceTree = "<group>";
		};
		FC7093482543FF5C00F88071 /* NetworkCommunicatorTests */ = {
			isa = PBXGroup;
			children = (
				FC7093492543FF5C00F88071 /* NetworkCommunicatorTests.swift */,
				FC70934B2543FF5C00F88071 /* Info.plist */,
			);
			path = NetworkCommunicatorTests;
			sourceTree = "<group>";
		};
		FC7093532543FF5C00F88071 /* NetworkCommunicatorUITests */ = {
			isa = PBXGroup;
			children = (
				FC7093542543FF5C00F88071 /* NetworkCommunicatorUITests.swift */,
				FC7093562543FF5C00F88071 /* Info.plist */,
			);
			path = NetworkCommunicatorUITests;
			sourceTree = "<group>";
		};
/* End PBXGroup section */

/* Begin PBXNativeTarget section */
		FC7093332543FF5B00F88071 /* NetworkCommunicator */ = {
			isa = PBXNativeTarget;
			buildConfigurationList = FC7093592543FF5C00F88071 /* Build configuration list for PBXNativeTarget "NetworkCommunicator" */;
			buildPhases = (
				FC7093302543FF5B00F88071 /* Sources */,
				FC7093312543FF5B00F88071 /* Frameworks */,
				FC7093322543FF5B00F88071 /* Resources */,
			);
			buildRules = (
			);
			dependencies = (
			);
			name = NetworkCommunicator;
			productName = NetworkCommunicator;
			productReference = FC7093342543FF5B00F88071 /* NetworkCommunicator.app */;
			productType = "com.apple.product-type.application";
		};
		FC7093442543FF5C00F88071 /* NetworkCommunicatorTests */ = {
			isa = PBXNativeTarget;
			buildConfigurationList = FC70935C2543FF5C00F88071 /* Build configuration list for PBXNativeTarget "NetworkCommunicatorTests" */;
			buildPhases = (
				FC7093412543FF5C00F88071 /* Sources */,
				FC7093422543FF5C00F88071 /* Frameworks */,
				FC7093432543FF5C00F88071 /* Resources */,
			);
			buildRules = (
			);
			dependencies = (
				FC7093472543FF5C00F88071 /* PBXTargetDependency */,
			);
			name = NetworkCommunicatorTests;
			productName = NetworkCommunicatorTests;
			productReference = FC7093452543FF5C00F88071 /* NetworkCommunicatorTests.xctest */;
			productType = "com.apple.product-type.bundle.unit-test";
		};
		FC70934F2543FF5C00F88071 /* NetworkCommunicatorUITests */ = {
			isa = PBXNativeTarget;
			buildConfigurationList = FC70935F2543FF5C00F88071 /* Build configuration list for PBXNativeTarget "NetworkCommunicatorUITests" */;
			buildPhases = (
				FC70934C2543FF5C00F88071 /* Sources */,
				FC70934D2543FF5C00F88071 /* Frameworks */,
				FC70934E2543FF5C00F88071 /* Resources */,
			);
			buildRules = (
			);
			dependencies = (
				FC7093522543FF5C00F88071 /* PBXTargetDependency */,
			);
			name = NetworkCommunicatorUITests;
			productName = NetworkCommunicatorUITests;
			productReference = FC7093502543FF5C00F88071 /* NetworkCommunicatorUITests.xctest */;
			productType = "com.apple.product-type.bundle.ui-testing";
		};
/* End PBXNativeTarget section */

/* Begin PBXProject section */
		FC70932C2543FF5B00F88071 /* Project object */ = {
			isa = PBXProject;
			attributes = {
				LastSwiftUpdateCheck = 1200;
				LastUpgradeCheck = 1200;
				TargetAttributes = {
					FC7093332543FF5B00F88071 = {
						CreatedOnToolsVersion = 12.0.1;
					};
					FC7093442543FF5C00F88071 = {
						CreatedOnToolsVersion = 12.0.1;
						TestTargetID = FC7093332543FF5B00F88071;
					};
					FC70934F2543FF5C00F88071 = {
						CreatedOnToolsVersion = 12.0.1;
						TestTargetID = FC7093332543FF5B00F88071;
					};
				};
			};
			buildConfigurationList = FC70932F2543FF5B00F88071 /* Build configuration list for PBXProject "NetworkCommunicator" */;
			compatibilityVersion = "Xcode 9.3";
			developmentRegion = en;
			hasScannedForEncodings = 0;
			knownRegions = (
				en,
				Base,
			);
			mainGroup = FC70932B2543FF5B00F88071;
			productRefGroup = FC7093352543FF5B00F88071 /* Products */;
			projectDirPath = "";
			projectRoot = "";
			targets = (
				FC7093332543FF5B00F88071 /* NetworkCommunicator */,
				FC7093442543FF5C00F88071 /* NetworkCommunicatorTests */,
				FC70934F2543FF5C00F88071 /* NetworkCommunicatorUITests */,
			);
		};
/* End PBXProject section */

/* Begin PBXResourcesBuildPhase section */
		FC7093322543FF5B00F88071 /* Resources */ = {
			isa = PBXResourcesBuildPhase;
			buildActionMask = 2147483647;
			files = (
				FC70933F2543FF5C00F88071 /* Preview Assets.xcassets in Resources */,
				FC70933C2543FF5C00F88071 /* Assets.xcassets in Resources */,
			);
			runOnlyForDeploymentPostprocessing = 0;
		};
		FC7093432543FF5C00F88071 /* Resources */ = {
			isa = PBXResourcesBuildPhase;
			buildActionMask = 2147483647;
			files = (
			);
			runOnlyForDeploymentPostprocessing = 0;
		};
		FC70934E2543FF5C00F88071 /* Resources */ = {
			isa = PBXResourcesBuildPhase;
			buildActionMask = 2147483647;
			files = (
			);
			runOnlyForDeploymentPostprocessing = 0;
		};
/* End PBXResourcesBuildPhase section */

/* Begin PBXSourcesBuildPhase section */
		FC7093302543FF5B00F88071 /* Sources */ = {
			isa = PBXSourcesBuildPhase;
			buildActionMask = 2147483647;
			files = (
				FC70933A2543FF5B00F88071 /* ContentView.swift in Sources */,
				FC7093382543FF5B00F88071 /* NetworkCommunicatorApp.swift in Sources */,
			);
			runOnlyForDeploymentPostprocessing = 0;
		};
		FC7093412543FF5C00F88071 /* Sources */ = {
			isa = PBXSourcesBuildPhase;
			buildActionMask = 2147483647;
			files = (
				FC70934A2543FF5C00F88071 /* NetworkCommunicatorTests.swift in Sources */,
			);
			runOnlyForDeploymentPostprocessing = 0;
		};
		FC70934C2543FF5C00F88071 /* Sources */ = {
			isa = PBXSourcesBuildPhase;
			buildActionMask = 2147483647;
			files = (
				FC7093552543FF5C00F88071 /* NetworkCommunicatorUITests.swift in Sources */,
			);
			runOnlyForDeploymentPostprocessing = 0;
		};
/* End PBXSourcesBuildPhase section */

/* Begin PBXTargetDependency section */
		FC7093472543FF5C00F88071 /* PBXTargetDependency */ = {
			isa = PBXTargetDependency;
			target = FC7093332543FF5B00F88071 /* NetworkCommunicator */;
			targetProxy = FC7093462543FF5C00F88071 /* PBXContainerItemProxy */;
		};
		FC7093522543FF5C00F88071 /* PBXTargetDependency */ = {
			isa = PBXTargetDependency;
			target = FC7093332543FF5B00F88071 /* NetworkCommunicator */;
			targetProxy = FC7093512543FF5C00F88071 /* PBXContainerItemProxy */;
		};
/* End PBXTargetDependency section */

/* Begin XCBuildConfiguration section */
		FC7093572543FF5C00F88071 /* Debug */ = {
			isa = XCBuildConfiguration;
			buildSettings = {
				ALWAYS_SEARCH_USER_PATHS = NO;
				CLANG_ANALYZER_NONNULL = YES;
				CLANG_ANALYZER_NUMBER_OBJECT_CONVERSION = YES_AGGRESSIVE;
				CLANG_CXX_LANGUAGE_STANDARD = "gnu++14";
				CLANG_CXX_LIBRARY = "libc++";
				CLANG_ENABLE_MODULES = YES;
				CLANG_ENABLE_OBJC_ARC = YES;
				CLANG_ENABLE_OBJC_WEAK = YES;
				CLANG_WARN_BLOCK_CAPTURE_AUTORELEASING = YES;
				CLANG_WARN_BOOL_CONVERSION = YES;
				CLANG_WARN_COMMA = YES;
				CLANG_WARN_CONSTANT_CONVERSION = YES;
				CLANG_WARN_DEPRECATED_OBJC_IMPLEMENTATIONS = YES;
				CLANG_WARN_DIRECT_OBJC_ISA_USAGE = YES_ERROR;
				CLANG_WARN_DOCUMENTATION_COMMENTS = YES;
				CLANG_WARN_EMPTY_BODY = YES;
				CLANG_WARN_ENUM_CONVERSION = YES;
				CLANG_WARN_INFINITE_RECURSION = YES;
				CLANG_WARN_INT_CONVERSION = YES;
				CLANG_WARN_NON_LITERAL_NULL_CONVERSION = YES;
				CLANG_WARN_OBJC_IMPLICIT_RETAIN_SELF = YES;
				CLANG_WARN_OBJC_LITERAL_CONVERSION = YES;
				CLANG_WARN_OBJC_ROOT_CLASS = YES_ERROR;
				CLANG_WARN_QUOTED_INCLUDE_IN_FRAMEWORK_HEADER = YES;
				CLANG_WARN_RANGE_LOOP_ANALYSIS = YES;
				CLANG_WARN_STRICT_PROTOTYPES = YES;
				CLANG_WARN_SUSPICIOUS_MOVE = YES;
				CLANG_WARN_UNGUARDED_AVAILABILITY = YES_AGGRESSIVE;
				CLANG_WARN_UNREACHABLE_CODE = YES;
				CLANG_WARN__DUPLICATE_METHOD_MATCH = YES;
				COPY_PHASE_STRIP = NO;
				DEBUG_INFORMATION_FORMAT = dwarf;
				ENABLE_STRICT_OBJC_MSGSEND = YES;
				ENABLE_TESTABILITY = YES;
				GCC_C_LANGUAGE_STANDARD = gnu11;
				GCC_DYNAMIC_NO_PIC = NO;
				GCC_NO_COMMON_BLOCKS = YES;
				GCC_OPTIMIZATION_LEVEL = 0;
				GCC_PREPROCESSOR_DEFINITIONS = (
					"DEBUG=1",
					"$(inherited)",
				);
				GCC_WARN_64_TO_32_BIT_CONVERSION = YES;
				GCC_WARN_ABOUT_RETURN_TYPE = YES_ERROR;
				GCC_WARN_UNDECLARED_SELECTOR = YES;
				GCC_WARN_UNINITIALIZED_AUTOS = YES_AGGRESSIVE;
				GCC_WARN_UNUSED_FUNCTION = YES;
				GCC_WARN_UNUSED_VARIABLE = YES;
				IPHONEOS_DEPLOYMENT_TARGET = 14.0;
				MTL_ENABLE_DEBUG_INFO = INCLUDE_SOURCE;
				MTL_FAST_MATH = YES;
				ONLY_ACTIVE_ARCH = YES;
				SDKROOT = iphoneos;
				SWIFT_ACTIVE_COMPILATION_CONDITIONS = DEBUG;
				SWIFT_OPTIMIZATION_LEVEL = "-Onone";
			};
			name = Debug;
		};
		FC7093582543FF5C00F88071 /* Release */ = {
			isa = XCBuildConfiguration;
			buildSettings = {
				ALWAYS_SEARCH_USER_PATHS = NO;
				CLANG_ANALYZER_NONNULL = YES;
				CLANG_ANALYZER_NUMBER_OBJECT_CONVERSION = YES_AGGRESSIVE;
				CLANG_CXX_LANGUAGE_STANDARD = "gnu++14";
				CLANG_CXX_LIBRARY = "libc++";
				CLANG_ENABLE_MODULES = YES;
				CLANG_ENABLE_OBJC_ARC = YES;
				CLANG_ENABLE_OBJC_WEAK = YES;
				CLANG_WARN_BLOCK_CAPTURE_AUTORELEASING = YES;
				CLANG_WARN_BOOL_CONVERSION = YES;
				CLANG_WARN_COMMA = YES;
				CLANG_WARN_CONSTANT_CONVERSION = YES;
				CLANG_WARN_DEPRECATED_OBJC_IMPLEMENTATIONS = YES;
				CLANG_WARN_DIRECT_OBJC_ISA_USAGE = YES_ERROR;
				CLANG_WARN_DOCUMENTATION_COMMENTS = YES;
				CLANG_WARN_EMPTY_BODY = YES;
				CLANG_WARN_ENUM_CONVERSION = YES;
				CLANG_WARN_INFINITE_RECURSION = YES;
				CLANG_WARN_INT_CONVERSION = YES;
				CLANG_WARN_NON_LITERAL_NULL_CONVERSION = YES;
				CLANG_WARN_OBJC_IMPLICIT_RETAIN_SELF = YES;
				CLANG_WARN_OBJC_LITERAL_CONVERSION = YES;
				CLANG_WARN_OBJC_ROOT_CLASS = YES_ERROR;
				CLANG_WARN_QUOTED_INCLUDE_IN_FRAMEWORK_HEADER = YES;
				CLANG_WARN_RANGE_LOOP_ANALYSIS = YES;
				CLANG_WARN_STRICT_PROTOTYPES = YES;
				CLANG_WARN_SUSPICIOUS_MOVE = YES;
				CLANG_WARN_UNGUARDED_AVAILABILITY = YES_AGGRESSIVE;
				CLANG_WARN_UNREACHABLE_CODE = YES;
				CLANG_WARN__DUPLICATE_METHOD_MATCH = YES;
				COPY_PHASE_STRIP = NO;
				DEBUG_INFORMATION_FORMAT = "dwarf-with-dsym";
				ENABLE_NS_ASSERTIONS = NO;
				ENABLE_STRICT_OBJC_MSGSEND = YES;
				GCC_C_LANGUAGE_STANDARD = gnu11;
				GCC_NO_COMMON_BLOCKS = YES;
				GCC_WARN_64_TO_32_BIT_CONVERSION = YES;
				GCC_WARN_ABOUT_RETURN_TYPE = YES_ERROR;
				GCC_WARN_UNDECLARED_SELECTOR = YES;
				GCC_WARN_UNINITIALIZED_AUTOS = YES_AGGRESSIVE;
				GCC_WARN_UNUSED_FUNCTION = YES;
				GCC_WARN_UNUSED_VARIABLE = YES;
				IPHONEOS_DEPLOYMENT_TARGET = 14.0;
				MTL_ENABLE_DEBUG_INFO = NO;
				MTL_FAST_MATH = YES;
				SDKROOT = iphoneos;
				SWIFT_COMPILATION_MODE = wholemodule;
				SWIFT_OPTIMIZATION_LEVEL = "-O";
				VALIDATE_PRODUCT = YES;
			};
			name = Release;
		};
		FC70935A2543FF5C00F88071 /* Debug */ = {
			isa = XCBuildConfiguration;
			buildSettings = {
				ASSETCATALOG_COMPILER_APPICON_NAME = AppIcon;
				ASSETCATALOG_COMPILER_GLOBAL_ACCENT_COLOR_NAME = AccentColor;
				CODE_SIGN_STYLE = Automatic;
				DEVELOPMENT_ASSET_PATHS = "\"NetworkCommunicator/Preview Content\"";
				DEVELOPMENT_TEAM = B8PR34D6DP;
				ENABLE_PREVIEWS = YES;
				INFOPLIST_FILE = NetworkCommunicator/Info.plist;
				IPHONEOS_DEPLOYMENT_TARGET = 14.0;
				LD_RUNPATH_SEARCH_PATHS = (
					"$(inherited)",
					"@executable_path/Frameworks",
				);
				PRODUCT_BUNDLE_IDENTIFIER = jp.yuoku.NetworkCommunicator;
				PRODUCT_NAME = "$(TARGET_NAME)";
				SWIFT_VERSION = 5.0;
				TARGETED_DEVICE_FAMILY = "1,2";
			};
			name = Debug;
		};
		FC70935B2543FF5C00F88071 /* Release */ = {
			isa = XCBuildConfiguration;
			buildSettings = {
				ASSETCATALOG_COMPILER_APPICON_NAME = AppIcon;
				ASSETCATALOG_COMPILER_GLOBAL_ACCENT_COLOR_NAME = AccentColor;
				CODE_SIGN_STYLE = Automatic;
				DEVELOPMENT_ASSET_PATHS = "\"NetworkCommunicator/Preview Content\"";
				DEVELOPMENT_TEAM = B8PR34D6DP;
				ENABLE_PREVIEWS = YES;
				INFOPLIST_FILE = NetworkCommunicator/Info.plist;
				IPHONEOS_DEPLOYMENT_TARGET = 14.0;
				LD_RUNPATH_SEARCH_PATHS = (
					"$(inherited)",
					"@executable_path/Frameworks",
				);
				PRODUCT_BUNDLE_IDENTIFIER = jp.yuoku.NetworkCommunicator;
				PRODUCT_NAME = "$(TARGET_NAME)";
				SWIFT_VERSION = 5.0;
				TARGETED_DEVICE_FAMILY = "1,2";
			};
			name = Release;
		};
		FC70935D2543FF5C00F88071 /* Debug */ = {
			isa = XCBuildConfiguration;
			buildSettings = {
				ALWAYS_EMBED_SWIFT_STANDARD_LIBRARIES = YES;
				BUNDLE_LOADER = "$(TEST_HOST)";
				CODE_SIGN_STYLE = Automatic;
				DEVELOPMENT_TEAM = B8PR34D6DP;
				INFOPLIST_FILE = NetworkCommunicatorTests/Info.plist;
				IPHONEOS_DEPLOYMENT_TARGET = 14.0;
				LD_RUNPATH_SEARCH_PATHS = (
					"$(inherited)",
					"@executable_path/Frameworks",
					"@loader_path/Frameworks",
				);
				PRODUCT_BUNDLE_IDENTIFIER = jp.yuoku.NetworkCommunicatorTests;
				PRODUCT_NAME = "$(TARGET_NAME)";
				SWIFT_VERSION = 5.0;
				TARGETED_DEVICE_FAMILY = "1,2";
				TEST_HOST = "$(BUILT_PRODUCTS_DIR)/NetworkCommunicator.app/NetworkCommunicator";
			};
			name = Debug;
		};
		FC70935E2543FF5C00F88071 /* Release */ = {
			isa = XCBuildConfiguration;
			buildSettings = {
				ALWAYS_EMBED_SWIFT_STANDARD_LIBRARIES = YES;
				BUNDLE_LOADER = "$(TEST_HOST)";
				CODE_SIGN_STYLE = Automatic;
				DEVELOPMENT_TEAM = B8PR34D6DP;
				INFOPLIST_FILE = NetworkCommunicatorTests/Info.plist;
				IPHONEOS_DEPLOYMENT_TARGET = 14.0;
				LD_RUNPATH_SEARCH_PATHS = (
					"$(inherited)",
					"@executable_path/Frameworks",
					"@loader_path/Frameworks",
				);
				PRODUCT_BUNDLE_IDENTIFIER = jp.yuoku.NetworkCommunicatorTests;
				PRODUCT_NAME = "$(TARGET_NAME)";
				SWIFT_VERSION = 5.0;
				TARGETED_DEVICE_FAMILY = "1,2";
				TEST_HOST = "$(BUILT_PRODUCTS_DIR)/NetworkCommunicator.app/NetworkCommunicator";
			};
			name = Release;
		};
		FC7093602543FF5C00F88071 /* Debug */ = {
			isa = XCBuildConfiguration;
			buildSettings = {
				ALWAYS_EMBED_SWIFT_STANDARD_LIBRARIES = YES;
				CODE_SIGN_STYLE = Automatic;
				DEVELOPMENT_TEAM = B8PR34D6DP;
				INFOPLIST_FILE = NetworkCommunicatorUITests/Info.plist;
				LD_RUNPATH_SEARCH_PATHS = (
					"$(inherited)",
					"@executable_path/Frameworks",
					"@loader_path/Frameworks",
				);
				PRODUCT_BUNDLE_IDENTIFIER = jp.yuoku.NetworkCommunicatorUITests;
				PRODUCT_NAME = "$(TARGET_NAME)";
				SWIFT_VERSION = 5.0;
				TARGETED_DEVICE_FAMILY = "1,2";
				TEST_TARGET_NAME = NetworkCommunicator;
			};
			name = Debug;
		};
		FC7093612543FF5C00F88071 /* Release */ = {
			isa = XCBuildConfiguration;
			buildSettings = {
				ALWAYS_EMBED_SWIFT_STANDARD_LIBRARIES = YES;
				CODE_SIGN_STYLE = Automatic;
				DEVELOPMENT_TEAM = B8PR34D6DP;
				INFOPLIST_FILE = NetworkCommunicatorUITests/Info.plist;
				LD_RUNPATH_SEARCH_PATHS = (
					"$(inherited)",
					"@executable_path/Frameworks",
					"@loader_path/Frameworks",
				);
				PRODUCT_BUNDLE_IDENTIFIER = jp.yuoku.NetworkCommunicatorUITests;
				PRODUCT_NAME = "$(TARGET_NAME)";
				SWIFT_VERSION = 5.0;
				TARGETED_DEVICE_FAMILY = "1,2";
				TEST_TARGET_NAME = NetworkCommunicator;
			};
			name = Release;
		};
/* End XCBuildConfiguration section */

/* Begin XCConfigurationList section */
		FC70932F2543FF5B00F88071 /* Build configuration list for PBXProject "NetworkCommunicator" */ = {
			isa = XCConfigurationList;
			buildConfigurations = (
				FC7093572543FF5C00F88071 /* Debug */,
				FC7093582543FF5C00F88071 /* Release */,
			);
			defaultConfigurationIsVisible = 0;
			defaultConfigurationName = Release;
		};
		FC7093592543FF5C00F88071 /* Build configuration list for PBXNativeTarget "NetworkCommunicator" */ = {
			isa = XCConfigurationList;
			buildConfigurations = (
				FC70935A2543FF5C00F88071 /* Debug */,
				FC70935B2543FF5C00F88071 /* Release */,
			);
			defaultConfigurationIsVisible = 0;
			defaultConfigurationName = Release;
		};
		FC70935C2543FF5C00F88071 /* Build configuration list for PBXNativeTarget "NetworkCommunicatorTests" */ = {
			isa = XCConfigurationList;
			buildConfigurations = (
				FC70935D2543FF5C00F88071 /* Debug */,
				FC70935E2543FF5C00F88071 /* Release */,
			);
			defaultConfigurationIsVisible = 0;
			defaultConfigurationName = Release;
		};
		FC70935F2543FF5C00F88071 /* Build configuration list for PBXNativeTarget "NetworkCommunicatorUITests" */ = {
			isa = XCConfigurationList;
			buildConfigurations = (
				FC7093602543FF5C00F88071 /* Debug */,
				FC7093612543FF5C00F88071 /* Release */,
			);
			defaultConfigurationIsVisible = 0;
			defaultConfigurationName = Release;
		};
/* End XCConfigurationList section */
	};
	rootObject = FC70932C2543FF5B00F88071 /* Project object */;
}
